// !$*UTF8*$!
{
	archiveVersion = 1;
	classes = {
	};
	objectVersion = 56;
	objects = {

/* Begin PBXBuildFile section */
		856403ED2C19873A006074DB /* FrameworkDetailViewModel.swift in Sources */ = {isa = PBXBuildFile; fileRef = 856403EC2C19873A006074DB /* FrameworkDetailViewModel.swift */; };
		8595A1432C087C21006A5535 /* Apple_Frame_WorksApp.swift in Sources */ = {isa = PBXBuildFile; fileRef = 8595A1422C087C21006A5535 /* Apple_Frame_WorksApp.swift */; };
		8595A1472C087C24006A5535 /* Assets.xcassets in Resources */ = {isa = PBXBuildFile; fileRef = 8595A1462C087C24006A5535 /* Assets.xcassets */; };
		8595A14A2C087C24006A5535 /* Preview Assets.xcassets in Resources */ = {isa = PBXBuildFile; fileRef = 8595A1492C087C24006A5535 /* Preview Assets.xcassets */; };
		8595A1512C087C78006A5535 /* Frameworks.swift in Sources */ = {isa = PBXBuildFile; fileRef = 8595A1502C087C78006A5535 /* Frameworks.swift */; };
		8595A1532C088467006A5535 /* FrameworkGridView.swift in Sources */ = {isa = PBXBuildFile; fileRef = 8595A1522C088467006A5535 /* FrameworkGridView.swift */; };
		8595A1552C088C38006A5535 /* FrameworkTitleView.swift in Sources */ = {isa = PBXBuildFile; fileRef = 8595A1542C088C38006A5535 /* FrameworkTitleView.swift */; };
		85D4A30B2C08C34600861FB4 /* FrameworkDetailView.swift in Sources */ = {isa = PBXBuildFile; fileRef = 85D4A30A2C08C34600861FB4 /* FrameworkDetailView.swift */; };
		85D4A30D2C08D29B00861FB4 /* FrameworkGridViewModel.swift in Sources */ = {isa = PBXBuildFile; fileRef = 85D4A30C2C08D29B00861FB4 /* FrameworkGridViewModel.swift */; };
		85D4A30F2C08F5F200861FB4 /* SafariView.swift in Sources */ = {isa = PBXBuildFile; fileRef = 85D4A30E2C08F5F200861FB4 /* SafariView.swift */; };
/* End PBXBuildFile section */

/* Begin PBXFileReference section */
		856403EC2C19873A006074DB /* FrameworkDetailViewModel.swift */ = {isa = PBXFileReference; lastKnownFileType = sourcecode.swift; path = FrameworkDetailViewModel.swift; sourceTree = "<group>"; };
		8595A13F2C087C21006A5535 /* Apple Frame Works.app */ = {isa = PBXFileReference; explicitFileType = wrapper.application; includeInIndex = 0; path = "Apple Frame Works.app"; sourceTree = BUILT_PRODUCTS_DIR; };
		8595A1422C087C21006A5535 /* Apple_Frame_WorksApp.swift */ = {isa = PBXFileReference; lastKnownFileType = sourcecode.swift; path = Apple_Frame_WorksApp.swift; sourceTree = "<group>"; };
		8595A1462C087C24006A5535 /* Assets.xcassets */ = {isa = PBXFileReference; lastKnownFileType = folder.assetcatalog; path = Assets.xcassets; sourceTree = "<group>"; };
		8595A1492C087C24006A5535 /* Preview Assets.xcassets */ = {isa = PBXFileReference; lastKnownFileType = folder.assetcatalog; path = "Preview Assets.xcassets"; sourceTree = "<group>"; };
		8595A1502C087C78006A5535 /* Frameworks.swift */ = {isa = PBXFileReference; lastKnownFileType = sourcecode.swift; path = Frameworks.swift; sourceTree = "<group>"; };
		8595A1522C088467006A5535 /* FrameworkGridView.swift */ = {isa = PBXFileReference; lastKnownFileType = sourcecode.swift; path = FrameworkGridView.swift; sourceTree = "<group>"; };
		8595A1542C088C38006A5535 /* FrameworkTitleView.swift */ = {isa = PBXFileReference; lastKnownFileType = sourcecode.swift; path = FrameworkTitleView.swift; sourceTree = "<group>"; };
		85D4A30A2C08C34600861FB4 /* FrameworkDetailView.swift */ = {isa = PBXFileReference; lastKnownFileType = sourcecode.swift; path = FrameworkDetailView.swift; sourceTree = "<group>"; };
		85D4A30C2C08D29B00861FB4 /* FrameworkGridViewModel.swift */ = {isa = PBXFileReference; lastKnownFileType = sourcecode.swift; path = FrameworkGridViewModel.swift; sourceTree = "<group>"; };
		85D4A30E2C08F5F200861FB4 /* SafariView.swift */ = {isa = PBXFileReference; lastKnownFileType = sourcecode.swift; path = SafariView.swift; sourceTree = "<group>"; };
/* End PBXFileReference section */

/* Begin PBXFrameworksBuildPhase section */
		8595A13C2C087C21006A5535 /* Frameworks */ = {
			isa = PBXFrameworksBuildPhase;
			buildActionMask = 2147483647;
			files = (
			);
			runOnlyForDeploymentPostprocessing = 0;
		};
/* End PBXFrameworksBuildPhase section */

/* Begin PBXGroup section */
		8595A1362C087C21006A5535 = {
			isa = PBXGroup;
			children = (
				8595A1412C087C21006A5535 /* Apple Frame Works */,
				8595A1402C087C21006A5535 /* Products */,
			);
			sourceTree = "<group>";
		};
		8595A1402C087C21006A5535 /* Products */ = {
			isa = PBXGroup;
			children = (
				8595A13F2C087C21006A5535 /* Apple Frame Works.app */,
			);
			name = Products;
			sourceTree = "<group>";
		};
		8595A1412C087C21006A5535 /* Apple Frame Works */ = {
			isa = PBXGroup;
			children = (
				8595A1422C087C21006A5535 /* Apple_Frame_WorksApp.swift */,
				85D4A3102C09C00900861FB4 /* Views */,
				85D4A3122C09C07400861FB4 /* Models */,
				85D4A3112C09C05E00861FB4 /* View Models */,
				85D4A3132C09C08300861FB4 /* UIKit Views */,
				8595A1462C087C24006A5535 /* Assets.xcassets */,
				8595A1482C087C24006A5535 /* Preview Content */,
			);
			path = "Apple Frame Works";
			sourceTree = "<group>";
		};
		8595A1482C087C24006A5535 /* Preview Content */ = {
			isa = PBXGroup;
			children = (
				8595A1492C087C24006A5535 /* Preview Assets.xcassets */,
			);
			path = "Preview Content";
			sourceTree = "<group>";
		};
		85D4A3102C09C00900861FB4 /* Views */ = {
			isa = PBXGroup;
			children = (
				8595A1522C088467006A5535 /* FrameworkGridView.swift */,
				85D4A30A2C08C34600861FB4 /* FrameworkDetailView.swift */,
			);
			path = Views;
			sourceTree = "<group>";
		};
		85D4A3112C09C05E00861FB4 /* View Models */ = {
			isa = PBXGroup;
			children = (
				8595A1542C088C38006A5535 /* FrameworkTitleView.swift */,
				85D4A30C2C08D29B00861FB4 /* FrameworkGridViewModel.swift */,
				856403EC2C19873A006074DB /* FrameworkDetailViewModel.swift */,
			);
			path = "View Models";
			sourceTree = "<group>";
		};
		85D4A3122C09C07400861FB4 /* Models */ = {
			isa = PBXGroup;
			children = (
				8595A1502C087C78006A5535 /* Frameworks.swift */,
			);
			path = Models;
			sourceTree = "<group>";
		};
		85D4A3132C09C08300861FB4 /* UIKit Views */ = {
			isa = PBXGroup;
			children = (
				85D4A30E2C08F5F200861FB4 /* SafariView.swift */,
			);
			path = "UIKit Views";
			sourceTree = "<group>";
		};
/* End PBXGroup section */

/* Begin PBXNativeTarget section */
		8595A13E2C087C21006A5535 /* Apple Frame Works */ = {
			isa = PBXNativeTarget;
			buildConfigurationList = 8595A14D2C087C24006A5535 /* Build configuration list for PBXNativeTarget "Apple Frame Works" */;
			buildPhases = (
				8595A13B2C087C21006A5535 /* Sources */,
				8595A13C2C087C21006A5535 /* Frameworks */,
				8595A13D2C087C21006A5535 /* Resources */,
			);
			buildRules = (
			);
			dependencies = (
			);
			name = "Apple Frame Works";
			productName = "Apple Frame Works";
			productReference = 8595A13F2C087C21006A5535 /* Apple Frame Works.app */;
			productType = "com.apple.product-type.application";
		};
/* End PBXNativeTarget section */

/* Begin PBXProject section */
		8595A1372C087C21006A5535 /* Project object */ = {
			isa = PBXProject;
			attributes = {
				BuildIndependentTargetsInParallel = 1;
				LastSwiftUpdateCheck = 1540;
				LastUpgradeCheck = 1540;
				TargetAttributes = {
					8595A13E2C087C21006A5535 = {
						CreatedOnToolsVersion = 15.4;
					};
				};
			};
			buildConfigurationList = 8595A13A2C087C21006A5535 /* Build configuration list for PBXProject "Apple Frame Works" */;
			compatibilityVersion = "Xcode 14.0";
			developmentRegion = en;
			hasScannedForEncodings = 0;
			knownRegions = (
				en,
				Base,
			);
			mainGroup = 8595A1362C087C21006A5535;
			productRefGroup = 8595A1402C087C21006A5535 /* Products */;
			projectDirPath = "";
			projectRoot = "";
			targets = (
				8595A13E2C087C21006A5535 /* Apple Frame Works */,
			);
		};
/* End PBXProject section */

/* Begin PBXResourcesBuildPhase section */
		8595A13D2C087C21006A5535 /* Resources */ = {
			isa = PBXResourcesBuildPhase;
			buildActionMask = 2147483647;
			files = (
				8595A14A2C087C24006A5535 /* Preview Assets.xcassets in Resources */,
				8595A1472C087C24006A5535 /* Assets.xcassets in Resources */,
			);
			runOnlyForDeploymentPostprocessing = 0;
		};
/* End PBXResourcesBuildPhase section */

/* Begin PBXSourcesBuildPhase section */
		8595A13B2C087C21006A5535 /* Sources */ = {
			isa = PBXSourcesBuildPhase;
			buildActionMask = 2147483647;
			files = (
				8595A1532C088467006A5535 /* FrameworkGridView.swift in Sources */,
				85D4A30B2C08C34600861FB4 /* FrameworkDetailView.swift in Sources */,
				8595A1432C087C21006A5535 /* Apple_Frame_WorksApp.swift in Sources */,
				8595A1552C088C38006A5535 /* FrameworkTitleView.swift in Sources */,
				8595A1512C087C78006A5535 /* Frameworks.swift in Sources */,
				85D4A30D2C08D29B00861FB4 /* FrameworkGridViewModel.swift in Sources */,
				856403ED2C19873A006074DB /* FrameworkDetailViewModel.swift in Sources */,
				85D4A30F2C08F5F200861FB4 /* SafariView.swift in Sources */,
			);
			runOnlyForDeploymentPostprocessing = 0;
		};
/* End PBXSourcesBuildPhase section */

/* Begin XCBuildConfiguration section */
		8595A14B2C087C24006A5535 /* Debug */ = {
			isa = XCBuildConfiguration;
			buildSettings = {
				ALWAYS_SEARCH_USER_PATHS = NO;
				ASSETCATALOG_COMPILER_GENERATE_SWIFT_ASSET_SYMBOL_EXTENSIONS = YES;
				CLANG_ANALYZER_NONNULL = YES;
				CLANG_ANALYZER_NUMBER_OBJECT_CONVERSION = YES_AGGRESSIVE;
				CLANG_CXX_LANGUAGE_STANDARD = "gnu++20";
				CLANG_ENABLE_MODULES = YES;
				CLANG_ENABLE_OBJC_ARC = YES;
				CLANG_ENABLE_OBJC_WEAK = YES;
				CLANG_WARN_BLOCK_CAPTURE_AUTORELEASING = YES;
				CLANG_WARN_BOOL_CONVERSION = YES;
				CLANG_WARN_COMMA = YES;
				CLANG_WARN_CONSTANT_CONVERSION = YES;
				CLANG_WARN_DEPRECATED_OBJC_IMPLEMENTATIONS = YES;
				CLANG_WARN_DIRECT_OBJC_ISA_USAGE = YES_ERROR;
				CLANG_WARN_DOCUMENTATION_COMMENTS = YES;
				CLANG_WARN_EMPTY_BODY = YES;
				CLANG_WARN_ENUM_CONVERSION = YES;
				CLANG_WARN_INFINITE_RECURSION = YES;
				CLANG_WARN_INT_CONVERSION = YES;
				CLANG_WARN_NON_LITERAL_NULL_CONVERSION = YES;
				CLANG_WARN_OBJC_IMPLICIT_RETAIN_SELF = YES;
				CLANG_WARN_OBJC_LITERAL_CONVERSION = YES;
				CLANG_WARN_OBJC_ROOT_CLASS = YES_ERROR;
				CLANG_WARN_QUOTED_INCLUDE_IN_FRAMEWORK_HEADER = YES;
				CLANG_WARN_RANGE_LOOP_ANALYSIS = YES;
				CLANG_WARN_STRICT_PROTOTYPES = YES;
				CLANG_WARN_SUSPICIOUS_MOVE = YES;
				CLANG_WARN_UNGUARDED_AVAILABILITY = YES_AGGRESSIVE;
				CLANG_WARN_UNREACHABLE_CODE = YES;
				CLANG_WARN__DUPLICATE_METHOD_MATCH = YES;
				COPY_PHASE_STRIP = NO;
				DEBUG_INFORMATION_FORMAT = dwarf;
				ENABLE_STRICT_OBJC_MSGSEND = YES;
				ENABLE_TESTABILITY = YES;
				ENABLE_USER_SCRIPT_SANDBOXING = YES;
				GCC_C_LANGUAGE_STANDARD = gnu17;
				GCC_DYNAMIC_NO_PIC = NO;
				GCC_NO_COMMON_BLOCKS = YES;
				GCC_OPTIMIZATION_LEVEL = 0;
				GCC_PREPROCESSOR_DEFINITIONS = (
					"DEBUG=1",
					"$(inherited)",
				);
				GCC_WARN_64_TO_32_BIT_CONVERSION = YES;
				GCC_WARN_ABOUT_RETURN_TYPE = YES_ERROR;
				GCC_WARN_UNDECLARED_SELECTOR = YES;
				GCC_WARN_UNINITIALIZED_AUTOS = YES_AGGRESSIVE;
				GCC_WARN_UNUSED_FUNCTION = YES;
				GCC_WARN_UNUSED_VARIABLE = YES;
				IPHONEOS_DEPLOYMENT_TARGET = 17.5;
				LOCALIZATION_PREFERS_STRING_CATALOGS = YES;
				MTL_ENABLE_DEBUG_INFO = INCLUDE_SOURCE;
				MTL_FAST_MATH = YES;
				ONLY_ACTIVE_ARCH = YES;
				SDKROOT = iphoneos;
				SWIFT_ACTIVE_COMPILATION_CONDITIONS = "DEBUG $(inherited)";
				SWIFT_OPTIMIZATION_LEVEL = "-Onone";
			};
			name = Debug;
		};
		8595A14C2C087C24006A5535 /* Release */ = {
			isa = XCBuildConfiguration;
			buildSettings = {
				ALWAYS_SEARCH_USER_PATHS = NO;
				ASSETCATALOG_COMPILER_GENERATE_SWIFT_ASSET_SYMBOL_EXTENSIONS = YES;
				CLANG_ANALYZER_NONNULL = YES;
				CLANG_ANALYZER_NUMBER_OBJECT_CONVERSION = YES_AGGRESSIVE;
				CLANG_CXX_LANGUAGE_STANDARD = "gnu++20";
				CLANG_ENABLE_MODULES = YES;
				CLANG_ENABLE_OBJC_ARC = YES;
				CLANG_ENABLE_OBJC_WEAK = YES;
				CLANG_WARN_BLOCK_CAPTURE_AUTORELEASING = YES;
				CLANG_WARN_BOOL_CONVERSION = YES;
				CLANG_WARN_COMMA = YES;
				CLANG_WARN_CONSTANT_CONVERSION = YES;
				CLANG_WARN_DEPRECATED_OBJC_IMPLEMENTATIONS = YES;
				CLANG_WARN_DIRECT_OBJC_ISA_USAGE = YES_ERROR;
				CLANG_WARN_DOCUMENTATION_COMMENTS = YES;
				CLANG_WARN_EMPTY_BODY = YES;
				CLANG_WARN_ENUM_CONVERSION = YES;
				CLANG_WARN_INFINITE_RECURSION = YES;
				CLANG_WARN_INT_CONVERSION = YES;
				CLANG_WARN_NON_LITERAL_NULL_CONVERSION = YES;
				CLANG_WARN_OBJC_IMPLICIT_RETAIN_SELF = YES;
				CLANG_WARN_OBJC_LITERAL_CONVERSION = YES;
				CLANG_WARN_OBJC_ROOT_CLASS = YES_ERROR;
				CLANG_WARN_QUOTED_INCLUDE_IN_FRAMEWORK_HEADER = YES;
				CLANG_WARN_RANGE_LOOP_ANALYSIS = YES;
				CLANG_WARN_STRICT_PROTOTYPES = YES;
				CLANG_WARN_SUSPICIOUS_MOVE = YES;
				CLANG_WARN_UNGUARDED_AVAILABILITY = YES_AGGRESSIVE;
				CLANG_WARN_UNREACHABLE_CODE = YES;
				CLANG_WARN__DUPLICATE_METHOD_MATCH = YES;
				COPY_PHASE_STRIP = NO;
				DEBUG_INFORMATION_FORMAT = "dwarf-with-dsym";
				ENABLE_NS_ASSERTIONS = NO;
				ENABLE_STRICT_OBJC_MSGSEND = YES;
				ENABLE_USER_SCRIPT_SANDBOXING = YES;
				GCC_C_LANGUAGE_STANDARD = gnu17;
				GCC_NO_COMMON_BLOCKS = YES;
				GCC_WARN_64_TO_32_BIT_CONVERSION = YES;
				GCC_WARN_ABOUT_RETURN_TYPE = YES_ERROR;
				GCC_WARN_UNDECLARED_SELECTOR = YES;
				GCC_WARN_UNINITIALIZED_AUTOS = YES_AGGRESSIVE;
				GCC_WARN_UNUSED_FUNCTION = YES;
				GCC_WARN_UNUSED_VARIABLE = YES;
				IPHONEOS_DEPLOYMENT_TARGET = 17.5;
				LOCALIZATION_PREFERS_STRING_CATALOGS = YES;
				MTL_ENABLE_DEBUG_INFO = NO;
				MTL_FAST_MATH = YES;
				SDKROOT = iphoneos;
				SWIFT_COMPILATION_MODE = wholemodule;
				VALIDATE_PRODUCT = YES;
			};
			name = Release;
		};
		8595A14E2C087C24006A5535 /* Debug */ = {
			isa = XCBuildConfiguration;
			buildSettings = {
				ASSETCATALOG_COMPILER_APPICON_NAME = AppIcon;
				ASSETCATALOG_COMPILER_GLOBAL_ACCENT_COLOR_NAME = AccentColor;
				CODE_SIGN_STYLE = Automatic;
				CURRENT_PROJECT_VERSION = 1;
				DEVELOPMENT_ASSET_PATHS = "\"Apple Frame Works/Preview Content\"";
				DEVELOPMENT_TEAM = FNSKX4LB58;
				ENABLE_PREVIEWS = YES;
				GENERATE_INFOPLIST_FILE = YES;
				INFOPLIST_KEY_UIApplicationSceneManifest_Generation = YES;
				INFOPLIST_KEY_UIApplicationSupportsIndirectInputEvents = YES;
				INFOPLIST_KEY_UILaunchScreen_Generation = YES;
				INFOPLIST_KEY_UISupportedInterfaceOrientations_iPad = "UIInterfaceOrientationPortrait UIInterfaceOrientationPortraitUpsideDown UIInterfaceOrientationLandscapeLeft UIInterfaceOrientationLandscapeRight";
				INFOPLIST_KEY_UISupportedInterfaceOrientations_iPhone = "UIInterfaceOrientationPortrait UIInterfaceOrientationLandscapeLeft UIInterfaceOrientationLandscapeRight";
				LD_RUNPATH_SEARCH_PATHS = (
					"$(inherited)",
					"@executable_path/Frameworks",
				);
				MARKETING_VERSION = 1.0;
				PRODUCT_BUNDLE_IDENTIFIER = "amritanshudash.Apple-Frame-Works";
				PRODUCT_NAME = "$(TARGET_NAME)";
				SWIFT_EMIT_LOC_STRINGS = YES;
				SWIFT_VERSION = 5.0;
				TARGETED_DEVICE_FAMILY = "1,2";
			};
			name = Debug;
		};
		8595A14F2C087C24006A5535 /* Release */ = {
			isa = XCBuildConfiguration;
			buildSettings = {
				ASSETCATALOG_COMPILER_APPICON_NAME = AppIcon;
				ASSETCATALOG_COMPILER_GLOBAL_ACCENT_COLOR_NAME = AccentColor;
				CODE_SIGN_STYLE = Automatic;
				CURRENT_PROJECT_VERSION = 1;
				DEVELOPMENT_ASSET_PATHS = "\"Apple Frame Works/Preview Content\"";
				DEVELOPMENT_TEAM = FNSKX4LB58;
				ENABLE_PREVIEWS = YES;
				GENERATE_INFOPLIST_FILE = YES;
				INFOPLIST_KEY_UIApplicationSceneManifest_Generation = YES;
				INFOPLIST_KEY_UIApplicationSupportsIndirectInputEvents = YES;
				INFOPLIST_KEY_UILaunchScreen_Generation = YES;
				INFOPLIST_KEY_UISupportedInterfaceOrientations_iPad = "UIInterfaceOrientationPortrait UIInterfaceOrientationPortraitUpsideDown UIInterfaceOrientationLandscapeLeft UIInterfaceOrientationLandscapeRight";
				INFOPLIST_KEY_UISupportedInterfaceOrientations_iPhone = "UIInterfaceOrientationPortrait UIInterfaceOrientationLandscapeLeft UIInterfaceOrientationLandscapeRight";
				LD_RUNPATH_SEARCH_PATHS = (
					"$(inherited)",
					"@executable_path/Frameworks",
				);
				MARKETING_VERSION = 1.0;
				PRODUCT_BUNDLE_IDENTIFIER = "amritanshudash.Apple-Frame-Works";
				PRODUCT_NAME = "$(TARGET_NAME)";
				SWIFT_EMIT_LOC_STRINGS = YES;
				SWIFT_VERSION = 5.0;
				TARGETED_DEVICE_FAMILY = "1,2";
			};
			name = Release;
		};
/* End XCBuildConfiguration section */

/* Begin XCConfigurationList section */
		8595A13A2C087C21006A5535 /* Build configuration list for PBXProject "Apple Frame Works" */ = {
			isa = XCConfigurationList;
			buildConfigurations = (
				8595A14B2C087C24006A5535 /* Debug */,
				8595A14C2C087C24006A5535 /* Release */,
			);
			defaultConfigurationIsVisible = 0;
			defaultConfigurationName = Release;
		};
		8595A14D2C087C24006A5535 /* Build configuration list for PBXNativeTarget "Apple Frame Works" */ = {
			isa = XCConfigurationList;
			buildConfigurations = (
				8595A14E2C087C24006A5535 /* Debug */,
				8595A14F2C087C24006A5535 /* Release */,
			);
			defaultConfigurationIsVisible = 0;
			defaultConfigurationName = Release;
		};
/* End XCConfigurationList section */
	};
	rootObject = 8595A1372C087C21006A5535 /* Project object */;
}
